
Microsoft Visual Studio Solution File, Format Version 12.00
# Visual Studio Version 16
VisualStudioVersion = 16.0.30002.166
MinimumVisualStudioVersion = 10.0.40219.1
Project("{8BC9CEB8-8B4A-11D0-8D11-00A0C91BC942}") = "ComputerVision", "ComputerVision\ComputerVision.vcxproj", "{45CBCFC2-20D6-4A6B-88BA-8226B843EF53}"
EndProject
Project("{8BC9CEB8-8B4A-11D0-8D11-00A0C91BC942}") = "1.2_GrayValue", "1.2_GrayValue\1.2_GrayValue.vcxproj", "{DCF30F01-D288-47A2-A61A-BB7C7A21EA8D}"
EndProject
Project("{8BC9CEB8-8B4A-11D0-8D11-00A0C91BC942}") = "1.3_Thresholding_Of_GrayValue", "1.3_Thresholding_Of_GrayValue\1.3_Thresholding_Of_GrayValue.vcxproj", "{07066ECD-CDFC-42FE-9B49-FF38BB03FBC2}"
EndProject
Project("{8BC9CEB8-8B4A-11D0-8D11-00A0C91BC942}") = "1.4_Thresholding_With_Slider", "1.4_Thresholding_With_Slider\1.4_Thresholding_With_Slider.vcxproj", "{F1040FEF-626A-43F5-BC58-319BB90BCA7A}"
EndProject
Project("{8BC9CEB8-8B4A-11D0-8D11-00A0C91BC942}") = "1.5_Demo_BLOB", "1.5_Demo_BLOB\1.5_Demo_BLOB.vcxproj", "{D54E196F-80CA-4C52-8709-4E7404FB5D38}"
EndProject
Project("{8BC9CEB8-8B4A-11D0-8D11-00A0C91BC942}") = "2.1_Camera", "2.1_Camera\2.1_Camera.vcxproj", "{54A37D4D-A053-46CD-B3F1-EDDA137564AA}"
EndProject
Project("{8BC9CEB8-8B4A-11D0-8D11-00A0C91BC942}") = "2.2_Erosion_Disalation", "2.2_Erosion_Disalation\2.2_Erosion_Disalation.vcxproj", "{98046C12-1ED7-4BED-ACD9-25AA1378A12A}"
EndProject
Project("{8BC9CEB8-8B4A-11D0-8D11-00A0C91BC942}") = "2.3_Distance_Transform", "2.3_Distance_Transform\2.3_Distance_Transform.vcxproj", "{D67BBB23-2E6D-4B0A-9CB9-EB06FC541499}"
EndProject
Project("{8BC9CEB8-8B4A-11D0-8D11-00A0C91BC942}") = "VisionApplicatie_2", "VisionApplicatie_2\VisionApplicatie_2.vcxproj", "{52D127F9-E089-412B-A28E-8474F25B8C32}"
EndProject
Project("{8BC9CEB8-8B4A-11D0-8D11-00A0C91BC942}") = "VissionApplicatie_3", "VissionApplicatie_3\VissionApplicatie_3.vcxproj", "{713F6725-B17F-420E-88CA-F8BE9F5E6809}"
EndProject
Project("{8BC9CEB8-8B4A-11D0-8D11-00A0C91BC942}") = "MAT_Objects", "MAT_Objects\MAT_Objects.vcxproj", "{1EDC3947-0EEA-42E9-896A-3688E3786824}"
EndProject
Project("{8BC9CEB8-8B4A-11D0-8D11-00A0C91BC942}") = "Filters_Week_3", "Filters_Week_3\Filters_Week_3.vcxproj", "{7D9A8820-B4A9-4995-82CF-9711C5F80E38}"
EndProject
Project("{8BC9CEB8-8B4A-11D0-8D11-00A0C91BC942}") = "VisionApplication_4", "VisionApplication_4\VisionApplication_4.vcxproj", "{5BF54F1F-D663-4ACF-86A7-D1D408C38783}"
EndProject
Global
	GlobalSection(SolutionConfigurationPlatforms) = preSolution
		Debug|x64 = Debug|x64
		Debug|x86 = Debug|x86
		Release|x64 = Release|x64
		Release|x86 = Release|x86
	EndGlobalSection
	GlobalSection(ProjectConfigurationPlatforms) = postSolution
		{45CBCFC2-20D6-4A6B-88BA-8226B843EF53}.Debug|x64.ActiveCfg = Debug|x64
		{45CBCFC2-20D6-4A6B-88BA-8226B843EF53}.Debug|x64.Build.0 = Debug|x64
		{45CBCFC2-20D6-4A6B-88BA-8226B843EF53}.Debug|x86.ActiveCfg = Debug|Win32
		{45CBCFC2-20D6-4A6B-88BA-8226B843EF53}.Debug|x86.Build.0 = Debug|Win32
		{45CBCFC2-20D6-4A6B-88BA-8226B843EF53}.Release|x64.ActiveCfg = Release|x64
		{45CBCFC2-20D6-4A6B-88BA-8226B843EF53}.Release|x64.Build.0 = Release|x64
		{45CBCFC2-20D6-4A6B-88BA-8226B843EF53}.Release|x86.ActiveCfg = Release|Win32
		{45CBCFC2-20D6-4A6B-88BA-8226B843EF53}.Release|x86.Build.0 = Release|Win32
		{DCF30F01-D288-47A2-A61A-BB7C7A21EA8D}.Debug|x64.ActiveCfg = Debug|x64
		{DCF30F01-D288-47A2-A61A-BB7C7A21EA8D}.Debug|x64.Build.0 = Debug|x64
		{DCF30F01-D288-47A2-A61A-BB7C7A21EA8D}.Debug|x86.ActiveCfg = Debug|Win32
		{DCF30F01-D288-47A2-A61A-BB7C7A21EA8D}.Debug|x86.Build.0 = Debug|Win32
		{DCF30F01-D288-47A2-A61A-BB7C7A21EA8D}.Release|x64.ActiveCfg = Release|x64
		{DCF30F01-D288-47A2-A61A-BB7C7A21EA8D}.Release|x64.Build.0 = Release|x64
		{DCF30F01-D288-47A2-A61A-BB7C7A21EA8D}.Release|x86.ActiveCfg = Release|Win32
		{DCF30F01-D288-47A2-A61A-BB7C7A21EA8D}.Release|x86.Build.0 = Release|Win32
		{07066ECD-CDFC-42FE-9B49-FF38BB03FBC2}.Debug|x64.ActiveCfg = Debug|x64
		{07066ECD-CDFC-42FE-9B49-FF38BB03FBC2}.Debug|x64.Build.0 = Debug|x64
		{07066ECD-CDFC-42FE-9B49-FF38BB03FBC2}.Debug|x86.ActiveCfg = Debug|Win32
		{07066ECD-CDFC-42FE-9B49-FF38BB03FBC2}.Debug|x86.Build.0 = Debug|Win32
		{07066ECD-CDFC-42FE-9B49-FF38BB03FBC2}.Release|x64.ActiveCfg = Release|x64
		{07066ECD-CDFC-42FE-9B49-FF38BB03FBC2}.Release|x64.Build.0 = Release|x64
		{07066ECD-CDFC-42FE-9B49-FF38BB03FBC2}.Release|x86.ActiveCfg = Release|Win32
		{07066ECD-CDFC-42FE-9B49-FF38BB03FBC2}.Release|x86.Build.0 = Release|Win32
		{F1040FEF-626A-43F5-BC58-319BB90BCA7A}.Debug|x64.ActiveCfg = Debug|x64
		{F1040FEF-626A-43F5-BC58-319BB90BCA7A}.Debug|x64.Build.0 = Debug|x64
		{F1040FEF-626A-43F5-BC58-319BB90BCA7A}.Debug|x86.ActiveCfg = Debug|Win32
		{F1040FEF-626A-43F5-BC58-319BB90BCA7A}.Debug|x86.Build.0 = Debug|Win32
		{F1040FEF-626A-43F5-BC58-319BB90BCA7A}.Release|x64.ActiveCfg = Release|x64
		{F1040FEF-626A-43F5-BC58-319BB90BCA7A}.Release|x64.Build.0 = Release|x64
		{F1040FEF-626A-43F5-BC58-319BB90BCA7A}.Release|x86.ActiveCfg = Release|Win32
		{F1040FEF-626A-43F5-BC58-319BB90BCA7A}.Release|x86.Build.0 = Release|Win32
		{D54E196F-80CA-4C52-8709-4E7404FB5D38}.Debug|x64.ActiveCfg = Debug|x64
		{D54E196F-80CA-4C52-8709-4E7404FB5D38}.Debug|x64.Build.0 = Debug|x64
		{D54E196F-80CA-4C52-8709-4E7404FB5D38}.Debug|x86.ActiveCfg = Debug|Win32
		{D54E196F-80CA-4C52-8709-4E7404FB5D38}.Debug|x86.Build.0 = Debug|Win32
		{D54E196F-80CA-4C52-8709-4E7404FB5D38}.Release|x64.ActiveCfg = Release|x64
		{D54E196F-80CA-4C52-8709-4E7404FB5D38}.Release|x64.Build.0 = Release|x64
		{D54E196F-80CA-4C52-8709-4E7404FB5D38}.Release|x86.ActiveCfg = Release|Win32
		{D54E196F-80CA-4C52-8709-4E7404FB5D38}.Release|x86.Build.0 = Release|Win32
		{54A37D4D-A053-46CD-B3F1-EDDA137564AA}.Debug|x64.ActiveCfg = Debug|x64
		{54A37D4D-A053-46CD-B3F1-EDDA137564AA}.Debug|x64.Build.0 = Debug|x64
		{54A37D4D-A053-46CD-B3F1-EDDA137564AA}.Debug|x86.ActiveCfg = Debug|Win32
		{54A37D4D-A053-46CD-B3F1-EDDA137564AA}.Debug|x86.Build.0 = Debug|Win32
		{54A37D4D-A053-46CD-B3F1-EDDA137564AA}.Release|x64.ActiveCfg = Release|x64
		{54A37D4D-A053-46CD-B3F1-EDDA137564AA}.Release|x64.Build.0 = Release|x64
		{54A37D4D-A053-46CD-B3F1-EDDA137564AA}.Release|x86.ActiveCfg = Release|Win32
		{54A37D4D-A053-46CD-B3F1-EDDA137564AA}.Release|x86.Build.0 = Release|Win32
		{98046C12-1ED7-4BED-ACD9-25AA1378A12A}.Debug|x64.ActiveCfg = Debug|x64
		{98046C12-1ED7-4BED-ACD9-25AA1378A12A}.Debug|x64.Build.0 = Debug|x64
		{98046C12-1ED7-4BED-ACD9-25AA1378A12A}.Debug|x86.ActiveCfg = Debug|Win32
		{98046C12-1ED7-4BED-ACD9-25AA1378A12A}.Debug|x86.Build.0 = Debug|Win32
		{98046C12-1ED7-4BED-ACD9-25AA1378A12A}.Release|x64.ActiveCfg = Release|x64
		{98046C12-1ED7-4BED-ACD9-25AA1378A12A}.Release|x64.Build.0 = Release|x64
		{98046C12-1ED7-4BED-ACD9-25AA1378A12A}.Release|x86.ActiveCfg = Release|Win32
		{98046C12-1ED7-4BED-ACD9-25AA1378A12A}.Release|x86.Build.0 = Release|Win32
		{D67BBB23-2E6D-4B0A-9CB9-EB06FC541499}.Debug|x64.ActiveCfg = Debug|x64
		{D67BBB23-2E6D-4B0A-9CB9-EB06FC541499}.Debug|x64.Build.0 = Debug|x64
		{D67BBB23-2E6D-4B0A-9CB9-EB06FC541499}.Debug|x86.ActiveCfg = Debug|Win32
		{D67BBB23-2E6D-4B0A-9CB9-EB06FC541499}.Debug|x86.Build.0 = Debug|Win32
		{D67BBB23-2E6D-4B0A-9CB9-EB06FC541499}.Release|x64.ActiveCfg = Release|x64
		{D67BBB23-2E6D-4B0A-9CB9-EB06FC541499}.Release|x64.Build.0 = Release|x64
		{D67BBB23-2E6D-4B0A-9CB9-EB06FC541499}.Release|x86.ActiveCfg = Release|Win32
		{D67BBB23-2E6D-4B0A-9CB9-EB06FC541499}.Release|x86.Build.0 = Release|Win32
		{52D127F9-E089-412B-A28E-8474F25B8C32}.Debug|x64.ActiveCfg = Debug|x64
		{52D127F9-E089-412B-A28E-8474F25B8C32}.Debug|x64.Build.0 = Debug|x64
		{52D127F9-E089-412B-A28E-8474F25B8C32}.Debug|x86.ActiveCfg = Debug|Win32
		{52D127F9-E089-412B-A28E-8474F25B8C32}.Debug|x86.Build.0 = Debug|Win32
		{52D127F9-E089-412B-A28E-8474F25B8C32}.Release|x64.ActiveCfg = Release|x64
		{52D127F9-E089-412B-A28E-8474F25B8C32}.Release|x64.Build.0 = Release|x64
		{52D127F9-E089-412B-A28E-8474F25B8C32}.Release|x86.ActiveCfg = Release|Win32
		{52D127F9-E089-412B-A28E-8474F25B8C32}.Release|x86.Build.0 = Release|Win32
		{713F6725-B17F-420E-88CA-F8BE9F5E6809}.Debug|x64.ActiveCfg = Debug|x64
		{713F6725-B17F-420E-88CA-F8BE9F5E6809}.Debug|x64.Build.0 = Debug|x64
		{713F6725-B17F-420E-88CA-F8BE9F5E6809}.Debug|x86.ActiveCfg = Debug|Win32
		{713F6725-B17F-420E-88CA-F8BE9F5E6809}.Debug|x86.Build.0 = Debug|Win32
		{713F6725-B17F-420E-88CA-F8BE9F5E6809}.Release|x64.ActiveCfg = Release|x64
		{713F6725-B17F-420E-88CA-F8BE9F5E6809}.Release|x64.Build.0 = Release|x64
		{713F6725-B17F-420E-88CA-F8BE9F5E6809}.Release|x86.ActiveCfg = Release|Win32
		{713F6725-B17F-420E-88CA-F8BE9F5E6809}.Release|x86.Build.0 = Release|Win32
		{1EDC3947-0EEA-42E9-896A-3688E3786824}.Debug|x64.ActiveCfg = Debug|x64
		{1EDC3947-0EEA-42E9-896A-3688E3786824}.Debug|x64.Build.0 = Debug|x64
		{1EDC3947-0EEA-42E9-896A-3688E3786824}.Debug|x86.ActiveCfg = Debug|Win32
		{1EDC3947-0EEA-42E9-896A-3688E3786824}.Debug|x86.Build.0 = Debug|Win32
		{1EDC3947-0EEA-42E9-896A-3688E3786824}.Release|x64.ActiveCfg = Release|x64
		{1EDC3947-0EEA-42E9-896A-3688E3786824}.Release|x64.Build.0 = Release|x64
		{1EDC3947-0EEA-42E9-896A-3688E3786824}.Release|x86.ActiveCfg = Release|Win32
		{1EDC3947-0EEA-42E9-896A-3688E3786824}.Release|x86.Build.0 = Release|Win32
		{7D9A8820-B4A9-4995-82CF-9711C5F80E38}.Debug|x64.ActiveCfg = Debug|x64
		{7D9A8820-B4A9-4995-82CF-9711C5F80E38}.Debug|x64.Build.0 = Debug|x64
		{7D9A8820-B4A9-4995-82CF-9711C5F80E38}.Debug|x86.ActiveCfg = Debug|Win32
		{7D9A8820-B4A9-4995-82CF-9711C5F80E38}.Debug|x86.Build.0 = Debug|Win32
		{7D9A8820-B4A9-4995-82CF-9711C5F80E38}.Release|x64.ActiveCfg = Release|x64
		{7D9A8820-B4A9-4995-82CF-9711C5F80E38}.Release|x64.Build.0 = Release|x64
		{7D9A8820-B4A9-4995-82CF-9711C5F80E38}.Release|x86.ActiveCfg = Release|Win32
		{7D9A8820-B4A9-4995-82CF-9711C5F80E38}.Release|x86.Build.0 = Release|Win32
		{5BF54F1F-D663-4ACF-86A7-D1D408C38783}.Debug|x64.ActiveCfg = Debug|x64
		{5BF54F1F-D663-4ACF-86A7-D1D408C38783}.Debug|x64.Build.0 = Debug|x64
		{5BF54F1F-D663-4ACF-86A7-D1D408C38783}.Debug|x86.ActiveCfg = Debug|Win32
		{5BF54F1F-D663-4ACF-86A7-D1D408C38783}.Debug|x86.Build.0 = Debug|Win32
		{5BF54F1F-D663-4ACF-86A7-D1D408C38783}.Release|x64.ActiveCfg = Release|x64
		{5BF54F1F-D663-4ACF-86A7-D1D408C38783}.Release|x64.Build.0 = Release|x64
		{5BF54F1F-D663-4ACF-86A7-D1D408C38783}.Release|x86.ActiveCfg = Release|Win32
		{5BF54F1F-D663-4ACF-86A7-D1D408C38783}.Release|x86.Build.0 = Release|Win32
	EndGlobalSection
	GlobalSection(SolutionProperties) = preSolution
		HideSolutionNode = FALSE
	EndGlobalSection
	GlobalSection(ExtensibilityGlobals) = postSolution
		SolutionGuid = {0A52ADFA-89F2-4E9F-B607-25FAAAF625D1}
	EndGlobalSection
EndGlobal
